
Microsoft Visual Studio Solution File, Format Version 12.00
# Visual Studio Version 17
VisualStudioVersion = 17.9.34728.123
MinimumVisualStudioVersion = 10.0.40219.1
Project("{FAE04EC0-301F-11D3-BF4B-00C04F79EFBC}") = "FirebaseHostingTest1", "FirebaseHostingTest1\FirebaseHostingTest1.csproj", "{9C8C52CC-F448-4A0F-B5A0-9EB1E16D28EB}"
EndProject
Global
	GlobalSection(SolutionConfigurationPlatforms) = preSolution
		Debug|Any CPU = Debug|Any CPU
		Release|Any CPU = Release|Any CPU
	EndGlobalSection
	GlobalSection(ProjectConfigurationPlatforms) = postSolution
		{9C8C52CC-F448-4A0F-B5A0-9EB1E16D28EB}.Debug|Any CPU.ActiveCfg = Debug|Any CPU
		{9C8C52CC-F448-4A0F-B5A0-9EB1E16D28EB}.Debug|Any CPU.Build.0 = Debug|Any CPU
		{9C8C52CC-F448-4A0F-B5A0-9EB1E16D28EB}.Release|Any CPU.ActiveCfg = Release|Any CPU
		{9C8C52CC-F448-4A0F-B5A0-9EB1E16D28EB}.Release|Any CPU.Build.0 = Release|Any CPU
	EndGlobalSection
	GlobalSection(SolutionProperties) = preSolution
		HideSolutionNode = FALSE
	EndGlobalSection
	GlobalSection(ExtensibilityGlobals) = postSolution
		SolutionGuid = {78DEDE52-590A-42F3-8A6B-329DE9B6CC7E}
	EndGlobalSection
EndGlobal
